
Microsoft Visual Studio Solution File, Format Version 12.00
# Visual Studio Version 16
VisualStudioVersion = 16.0.29411.108
MinimumVisualStudioVersion = 10.0.40219.1
Project("{9A19103F-16F7-4668-BE54-9A1E7A4F7556}") = "Bebidas.API", "Bebidas.API\Bebidas.API.csproj", "{6368C205-1114-4F4C-AEB0-4D1BA21870BF}"
EndProject
Project("{2150E333-8FDC-42A3-9474-1A3956D46DE8}") = "Solution Items", "Solution Items", "{36C26625-E32E-4E77-991E-60F96D81F9A5}"
	ProjectSection(SolutionItems) = preProject
		.editorconfig = .editorconfig
	EndProjectSection
EndProject
Project("{00D1A9C2-B5F0-4AF3-8072-F6C62B433612}") = "Bebidas.BD", "Bebidas.BD\Bebidas.BD.sqlproj", "{5BD9CDAA-31C0-4A66-BB68-6AB2CA89F843}"
EndProject
Project("{9A19103F-16F7-4668-BE54-9A1E7A4F7556}") = "Bebidas.Implementacao", "Bebidas.Implementacao\Bebidas.Implementacao.csproj", "{F4EC828B-C95C-4962-BC75-B9E0230EB126}"
EndProject
Project("{9A19103F-16F7-4668-BE54-9A1E7A4F7556}") = "Bebidas.Contratos", "Bebidas.Contratos\Bebidas.Contratos.csproj", "{DB4D18E1-9C9E-4A4E-89CE-2795B5E940E3}"
EndProject
Project("{FAE04EC0-301F-11D3-BF4B-00C04F79EFBC}") = "Bebidas.AcessoDados", "Bebidas.AcessoDados\Bebidas.AcessoDados.csproj", "{102BA1A5-77A5-4818-BCD6-8A085EF9EE7D}"
EndProject
Global
	GlobalSection(SolutionConfigurationPlatforms) = preSolution
		Debug|Any CPU = Debug|Any CPU
		Release|Any CPU = Release|Any CPU
	EndGlobalSection
	GlobalSection(ProjectConfigurationPlatforms) = postSolution
		{6368C205-1114-4F4C-AEB0-4D1BA21870BF}.Debug|Any CPU.ActiveCfg = Debug|Any CPU
		{6368C205-1114-4F4C-AEB0-4D1BA21870BF}.Debug|Any CPU.Build.0 = Debug|Any CPU
		{6368C205-1114-4F4C-AEB0-4D1BA21870BF}.Release|Any CPU.ActiveCfg = Release|Any CPU
		{6368C205-1114-4F4C-AEB0-4D1BA21870BF}.Release|Any CPU.Build.0 = Release|Any CPU
		{5BD9CDAA-31C0-4A66-BB68-6AB2CA89F843}.Debug|Any CPU.ActiveCfg = Debug|Any CPU
		{5BD9CDAA-31C0-4A66-BB68-6AB2CA89F843}.Debug|Any CPU.Build.0 = Debug|Any CPU
		{5BD9CDAA-31C0-4A66-BB68-6AB2CA89F843}.Debug|Any CPU.Deploy.0 = Debug|Any CPU
		{5BD9CDAA-31C0-4A66-BB68-6AB2CA89F843}.Release|Any CPU.ActiveCfg = Release|Any CPU
		{5BD9CDAA-31C0-4A66-BB68-6AB2CA89F843}.Release|Any CPU.Build.0 = Release|Any CPU
		{5BD9CDAA-31C0-4A66-BB68-6AB2CA89F843}.Release|Any CPU.Deploy.0 = Release|Any CPU
		{F4EC828B-C95C-4962-BC75-B9E0230EB126}.Debug|Any CPU.ActiveCfg = Debug|Any CPU
		{F4EC828B-C95C-4962-BC75-B9E0230EB126}.Debug|Any CPU.Build.0 = Debug|Any CPU
		{F4EC828B-C95C-4962-BC75-B9E0230EB126}.Release|Any CPU.ActiveCfg = Release|Any CPU
		{F4EC828B-C95C-4962-BC75-B9E0230EB126}.Release|Any CPU.Build.0 = Release|Any CPU
		{DB4D18E1-9C9E-4A4E-89CE-2795B5E940E3}.Debug|Any CPU.ActiveCfg = Debug|Any CPU
		{DB4D18E1-9C9E-4A4E-89CE-2795B5E940E3}.Debug|Any CPU.Build.0 = Debug|Any CPU
		{DB4D18E1-9C9E-4A4E-89CE-2795B5E940E3}.Release|Any CPU.ActiveCfg = Release|Any CPU
		{DB4D18E1-9C9E-4A4E-89CE-2795B5E940E3}.Release|Any CPU.Build.0 = Release|Any CPU
		{102BA1A5-77A5-4818-BCD6-8A085EF9EE7D}.Debug|Any CPU.ActiveCfg = Debug|Any CPU
		{102BA1A5-77A5-4818-BCD6-8A085EF9EE7D}.Debug|Any CPU.Build.0 = Debug|Any CPU
		{102BA1A5-77A5-4818-BCD6-8A085EF9EE7D}.Release|Any CPU.ActiveCfg = Release|Any CPU
		{102BA1A5-77A5-4818-BCD6-8A085EF9EE7D}.Release|Any CPU.Build.0 = Release|Any CPU
	EndGlobalSection
	GlobalSection(SolutionProperties) = preSolution
		HideSolutionNode = FALSE
	EndGlobalSection
	GlobalSection(ExtensibilityGlobals) = postSolution
		SolutionGuid = {358FB4B2-0774-45C0-8D59-44F80936E600}
	EndGlobalSection
EndGlobal
